{
  "nodes": {
    "nixpkgs": {
      "locked": {
        "lastModified": 1781074563,
        "narHash": "sha256-md8WlXOlfnIeHeOScMTTHFyf2d6iaTwPl2apR5EQ3P4=",
        "owner": "NixOS",
        "repo": "nixpkgs",
        "rev": "9ae611a455b90cf061d8f332b977e387bda8e1ca",
        "type": "github"
      },
      "original": {
        "owner": "NixOS",
        "ref": "nixos-unstable",
        "repo": "nixpkgs",
        "type": "github"
      }
    },
    "raygui-src": {
      "flake": false,
      "locked": {
        "lastModified": 1694471071,
        "narHash": "sha256-1qnChZYsb0e5LnPhvs6a/R5Ammgj2HWFNe9625sBRo8=",
        "owner": "raysan5",
        "repo": "raygui",
        "rev": "25c8c65a6e5f0f4d4b564a0343861898c6f2778b",
        "type": "github"
      },
      "original": {
        "owner": "raysan5",
        "ref": "4.0",
        "repo": "raygui",
        "type": "github"
      }
    },
    "root": {
      "inputs": {
        "nixpkgs": "nixpkgs",
        "raygui-src": "raygui-src"
      }
    }
  },
  "root": "root",
  "version": 7
}
